
Microsoft Visual Studio Solution File, Format Version 12.00
# Visual Studio Version 17
VisualStudioVersion = 17.13.35825.156 d17.13
MinimumVisualStudioVersion = 10.0.40219.1
Project("{FAE04EC0-301F-11D3-BF4B-00C04F79EFBC}") = "OnlineBookStoreAppBackEnd", "OnlineBookStoreAppBackEnd\OnlineBookStoreAppBackEnd.csproj", "{5C78DA41-5DEE-4F6C-A719-77ACD3F26D97}"
EndProject
Global
	GlobalSection(SolutionConfigurationPlatforms) = preSolution
		Debug|Any CPU = Debug|Any CPU
		Release|Any CPU = Release|Any CPU
	EndGlobalSection
	GlobalSection(ProjectConfigurationPlatforms) = postSolution
		{5C78DA41-5DEE-4F6C-A719-77ACD3F26D97}.Debug|Any CPU.ActiveCfg = Debug|Any CPU
		{5C78DA41-5DEE-4F6C-A719-77ACD3F26D97}.Debug|Any CPU.Build.0 = Debug|Any CPU
		{5C78DA41-5DEE-4F6C-A719-77ACD3F26D97}.Release|Any CPU.ActiveCfg = Release|Any CPU
		{5C78DA41-5DEE-4F6C-A719-77ACD3F26D97}.Release|Any CPU.Build.0 = Release|Any CPU
	EndGlobalSection
	GlobalSection(SolutionProperties) = preSolution
		HideSolutionNode = FALSE
	EndGlobalSection
	GlobalSection(ExtensibilityGlobals) = postSolution
		SolutionGuid = {E0247E2F-05F8-4D69-9639-1CD22BBD2364}
	EndGlobalSection
EndGlobal
